
Microsoft Visual Studio Solution File, Format Version 12.00
# Visual Studio Version 16
VisualStudioVersion = 16.0.31624.102
MinimumVisualStudioVersion = 10.0.40219.1
Project("{9A19103F-16F7-4668-BE54-9A1E7A4F7556}") = "TheBTeam.ConsoleApp", "TheBTeam.ConsoleApp\TheBTeam.ConsoleApp.csproj", "{DCDB6617-79BA-4DFC-83CE-7A64E475DB85}"
EndProject
Project("{9A19103F-16F7-4668-BE54-9A1E7A4F7556}") = "TheBTeam.BLL", "TheBTeam.BLL\TheBTeam.BLL.csproj", "{87E0C929-1E9E-423B-AEA1-93573CBED998}"
EndProject
Project("{FAE04EC0-301F-11D3-BF4B-00C04F79EFBC}") = "TheBTeam.Web", "TheBTeam.Web\TheBTeam.Web.csproj", "{D2BFC705-2B2A-4D74-B154-9B8C7FE27FB2}"
EndProject
Global
	GlobalSection(SolutionConfigurationPlatforms) = preSolution
		Debug|Any CPU = Debug|Any CPU
		Release|Any CPU = Release|Any CPU
	EndGlobalSection
	GlobalSection(ProjectConfigurationPlatforms) = postSolution
		{DCDB6617-79BA-4DFC-83CE-7A64E475DB85}.Debug|Any CPU.ActiveCfg = Debug|Any CPU
		{DCDB6617-79BA-4DFC-83CE-7A64E475DB85}.Debug|Any CPU.Build.0 = Debug|Any CPU
		{DCDB6617-79BA-4DFC-83CE-7A64E475DB85}.Release|Any CPU.ActiveCfg = Release|Any CPU
		{DCDB6617-79BA-4DFC-83CE-7A64E475DB85}.Release|Any CPU.Build.0 = Release|Any CPU
		{87E0C929-1E9E-423B-AEA1-93573CBED998}.Debug|Any CPU.ActiveCfg = Debug|Any CPU
		{87E0C929-1E9E-423B-AEA1-93573CBED998}.Debug|Any CPU.Build.0 = Debug|Any CPU
		{87E0C929-1E9E-423B-AEA1-93573CBED998}.Release|Any CPU.ActiveCfg = Release|Any CPU
		{87E0C929-1E9E-423B-AEA1-93573CBED998}.Release|Any CPU.Build.0 = Release|Any CPU
		{D2BFC705-2B2A-4D74-B154-9B8C7FE27FB2}.Debug|Any CPU.ActiveCfg = Debug|Any CPU
		{D2BFC705-2B2A-4D74-B154-9B8C7FE27FB2}.Debug|Any CPU.Build.0 = Debug|Any CPU
		{D2BFC705-2B2A-4D74-B154-9B8C7FE27FB2}.Release|Any CPU.ActiveCfg = Release|Any CPU
		{D2BFC705-2B2A-4D74-B154-9B8C7FE27FB2}.Release|Any CPU.Build.0 = Release|Any CPU
	EndGlobalSection
	GlobalSection(SolutionProperties) = preSolution
		HideSolutionNode = FALSE
	EndGlobalSection
	GlobalSection(ExtensibilityGlobals) = postSolution
		SolutionGuid = {821B86AB-633D-474E-BCDA-5D4C015DB62E}
	EndGlobalSection
EndGlobal
